// !$*UTF8*$!
{
	archiveVersion = 1;
	classes = {
	};
	objectVersion = 56;
	objects = {

/* Begin PBXBuildFile section */
		1B47E8702BA03FD9009BFF65 /* AuthManager.swift in Sources */ = {isa = PBXBuildFile; fileRef = 1B47E86F2BA03FD9009BFF65 /* AuthManager.swift */; };
		1B47E8732BA040A8009BFF65 /* UIApplication+Extensions.swift in Sources */ = {isa = PBXBuildFile; fileRef = 1B47E8722BA040A8009BFF65 /* UIApplication+Extensions.swift */; };
		1B47E87B2BA0421B009BFF65 /* AccountModel.swift in Sources */ = {isa = PBXBuildFile; fileRef = 1B47E87A2BA0421B009BFF65 /* AccountModel.swift */; };
		1B47E87D2BA04247009BFF65 /* CustomError.swift in Sources */ = {isa = PBXBuildFile; fileRef = 1B47E87C2BA04247009BFF65 /* CustomError.swift */; };
		1B47E8802BA0428F009BFF65 /* FirebaseFirestoreHelper.swift in Sources */ = {isa = PBXBuildFile; fileRef = 1B47E87E2BA0428F009BFF65 /* FirebaseFirestoreHelper.swift */; };
		1B47E8832BA19F4F009BFF65 /* Localizable.xcstrings in Resources */ = {isa = PBXBuildFile; fileRef = 1B47E8822BA19F4F009BFF65 /* Localizable.xcstrings */; };
		1B47E8862BA41B92009BFF65 /* Realm in Frameworks */ = {isa = PBXBuildFile; productRef = 1B47E8852BA41B92009BFF65 /* Realm */; };
		1B47E8882BA41B92009BFF65 /* RealmSwift in Frameworks */ = {isa = PBXBuildFile; productRef = 1B47E8872BA41B92009BFF65 /* RealmSwift */; };
		1B47E88A2BA429B5009BFF65 /* RoundedBorderImageLabelView.swift in Sources */ = {isa = PBXBuildFile; fileRef = 1B47E8892BA429B5009BFF65 /* RoundedBorderImageLabelView.swift */; };
		1B47E88C2BA42F4C009BFF65 /* DeleteAccountConfirmView.swift in Sources */ = {isa = PBXBuildFile; fileRef = 1B47E88B2BA42F4C009BFF65 /* DeleteAccountConfirmView.swift */; };
		1B47E88E2BA42FF5009BFF65 /* ProfileView.swift in Sources */ = {isa = PBXBuildFile; fileRef = 1B47E88D2BA42FF5009BFF65 /* ProfileView.swift */; };
		1B47E8912BA43124009BFF65 /* CachedAsyncImage in Frameworks */ = {isa = PBXBuildFile; productRef = 1B47E8902BA43124009BFF65 /* CachedAsyncImage */; };
		1B47E8932BA433AA009BFF65 /* URLCache+Extensions.swift in Sources */ = {isa = PBXBuildFile; fileRef = 1B47E8922BA433AA009BFF65 /* URLCache+Extensions.swift */; };
		1B86AC8C2B9835660081D600 /* FourFundamentalOperationsApp.swift in Sources */ = {isa = PBXBuildFile; fileRef = 1B86AC8B2B9835660081D600 /* FourFundamentalOperationsApp.swift */; };
		1B86AC8E2B9835660081D600 /* ContentView.swift in Sources */ = {isa = PBXBuildFile; fileRef = 1B86AC8D2B9835660081D600 /* ContentView.swift */; };
		1B86AC902B9835670081D600 /* Assets.xcassets in Resources */ = {isa = PBXBuildFile; fileRef = 1B86AC8F2B9835670081D600 /* Assets.xcassets */; };
		1B86AC932B9835670081D600 /* Preview Assets.xcassets in Resources */ = {isa = PBXBuildFile; fileRef = 1B86AC922B9835670081D600 /* Preview Assets.xcassets */; };
		1B86AC9A2B98397E0081D600 /* GoogleService-Info.plist in Resources */ = {isa = PBXBuildFile; fileRef = 1B86AC992B98397E0081D600 /* GoogleService-Info.plist */; };
		1B86AC9D2B9839DD0081D600 /* FirebaseAnalytics in Frameworks */ = {isa = PBXBuildFile; productRef = 1B86AC9C2B9839DD0081D600 /* FirebaseAnalytics */; };
		1B86AC9F2B9839DD0081D600 /* FirebaseAnalyticsOnDeviceConversion in Frameworks */ = {isa = PBXBuildFile; productRef = 1B86AC9E2B9839DD0081D600 /* FirebaseAnalyticsOnDeviceConversion */; };
		1B86ACA12B9839DD0081D600 /* FirebaseAnalyticsSwift in Frameworks */ = {isa = PBXBuildFile; productRef = 1B86ACA02B9839DD0081D600 /* FirebaseAnalyticsSwift */; };
		1B86ACA32B9839DD0081D600 /* FirebaseAnalyticsWithoutAdIdSupport in Frameworks */ = {isa = PBXBuildFile; productRef = 1B86ACA22B9839DD0081D600 /* FirebaseAnalyticsWithoutAdIdSupport */; };
		1B86ACA52B9839DD0081D600 /* FirebaseAppCheck in Frameworks */ = {isa = PBXBuildFile; productRef = 1B86ACA42B9839DD0081D600 /* FirebaseAppCheck */; };
		1B86ACA72B9839DD0081D600 /* FirebaseAppDistribution-Beta in Frameworks */ = {isa = PBXBuildFile; productRef = 1B86ACA62B9839DD0081D600 /* FirebaseAppDistribution-Beta */; };
		1B86ACA92B9839DD0081D600 /* FirebaseAuth in Frameworks */ = {isa = PBXBuildFile; productRef = 1B86ACA82B9839DD0081D600 /* FirebaseAuth */; };
		1B86ACAB2B9839DD0081D600 /* FirebaseAuthCombine-Community in Frameworks */ = {isa = PBXBuildFile; productRef = 1B86ACAA2B9839DD0081D600 /* FirebaseAuthCombine-Community */; };
		1B86ACAD2B9839DD0081D600 /* FirebaseCrashlytics in Frameworks */ = {isa = PBXBuildFile; productRef = 1B86ACAC2B9839DD0081D600 /* FirebaseCrashlytics */; };
		1B86ACAF2B9839DD0081D600 /* FirebaseDatabase in Frameworks */ = {isa = PBXBuildFile; productRef = 1B86ACAE2B9839DD0081D600 /* FirebaseDatabase */; };
		1B86ACB12B9839DD0081D600 /* FirebaseDatabaseSwift in Frameworks */ = {isa = PBXBuildFile; productRef = 1B86ACB02B9839DD0081D600 /* FirebaseDatabaseSwift */; };
		1B86ACB32B9839DD0081D600 /* FirebaseDynamicLinks in Frameworks */ = {isa = PBXBuildFile; productRef = 1B86ACB22B9839DD0081D600 /* FirebaseDynamicLinks */; };
		1B86ACB52B9839DD0081D600 /* FirebaseFirestore in Frameworks */ = {isa = PBXBuildFile; productRef = 1B86ACB42B9839DD0081D600 /* FirebaseFirestore */; };
		1B86ACB72B9839DD0081D600 /* FirebaseFirestoreCombine-Community in Frameworks */ = {isa = PBXBuildFile; productRef = 1B86ACB62B9839DD0081D600 /* FirebaseFirestoreCombine-Community */; };
		1B86ACB92B9839DD0081D600 /* FirebaseFirestoreSwift in Frameworks */ = {isa = PBXBuildFile; productRef = 1B86ACB82B9839DD0081D600 /* FirebaseFirestoreSwift */; };
		1B86ACBB2B9839DD0081D600 /* FirebaseFunctions in Frameworks */ = {isa = PBXBuildFile; productRef = 1B86ACBA2B9839DD0081D600 /* FirebaseFunctions */; };
		1B86ACBD2B9839DD0081D600 /* FirebaseFunctionsCombine-Community in Frameworks */ = {isa = PBXBuildFile; productRef = 1B86ACBC2B9839DD0081D600 /* FirebaseFunctionsCombine-Community */; };
		1B86ACBF2B9839DD0081D600 /* FirebaseInAppMessaging-Beta in Frameworks */ = {isa = PBXBuildFile; productRef = 1B86ACBE2B9839DD0081D600 /* FirebaseInAppMessaging-Beta */; };
		1B86ACC12B9839DD0081D600 /* FirebaseInAppMessagingSwift-Beta in Frameworks */ = {isa = PBXBuildFile; productRef = 1B86ACC02B9839DD0081D600 /* FirebaseInAppMessagingSwift-Beta */; };
		1B86ACC32B9839DD0081D600 /* FirebaseInstallations in Frameworks */ = {isa = PBXBuildFile; productRef = 1B86ACC22B9839DD0081D600 /* FirebaseInstallations */; };
		1B86ACC52B9839DD0081D600 /* FirebaseMLModelDownloader in Frameworks */ = {isa = PBXBuildFile; productRef = 1B86ACC42B9839DD0081D600 /* FirebaseMLModelDownloader */; };
		1B86ACC72B9839DD0081D600 /* FirebaseMessaging in Frameworks */ = {isa = PBXBuildFile; productRef = 1B86ACC62B9839DD0081D600 /* FirebaseMessaging */; };
		1B86ACC92B9839DD0081D600 /* FirebasePerformance in Frameworks */ = {isa = PBXBuildFile; productRef = 1B86ACC82B9839DD0081D600 /* FirebasePerformance */; };
		1B86ACCB2B9839DD0081D600 /* FirebaseRemoteConfig in Frameworks */ = {isa = PBXBuildFile; productRef = 1B86ACCA2B9839DD0081D600 /* FirebaseRemoteConfig */; };
		1B86ACCD2B9839DD0081D600 /* FirebaseRemoteConfigSwift in Frameworks */ = {isa = PBXBuildFile; productRef = 1B86ACCC2B9839DD0081D600 /* FirebaseRemoteConfigSwift */; };
		1B86ACCF2B9839DD0081D600 /* FirebaseStorage in Frameworks */ = {isa = PBXBuildFile; productRef = 1B86ACCE2B9839DD0081D600 /* FirebaseStorage */; };
		1B86ACD12B9839DD0081D600 /* FirebaseStorageCombine-Community in Frameworks */ = {isa = PBXBuildFile; productRef = 1B86ACD02B9839DD0081D600 /* FirebaseStorageCombine-Community */; };
		1B86ACD42B983DE30081D600 /* AccountMenuView.swift in Sources */ = {isa = PBXBuildFile; fileRef = 1B86ACD32B983DE30081D600 /* AccountMenuView.swift */; };
		1B86ACD62B983E390081D600 /* ButtonView.swift in Sources */ = {isa = PBXBuildFile; fileRef = 1B86ACD52B983E390081D600 /* ButtonView.swift */; };
		1BDE525A2BA036E60048158E /* GoogleSignIn in Frameworks */ = {isa = PBXBuildFile; productRef = 1BDE52592BA036E60048158E /* GoogleSignIn */; };
		1BDE525C2BA036E60048158E /* GoogleSignInSwift in Frameworks */ = {isa = PBXBuildFile; productRef = 1BDE525B2BA036E60048158E /* GoogleSignInSwift */; };
		1BE50BBD2BAD234D007ADB10 /* KTextField.swift in Sources */ = {isa = PBXBuildFile; fileRef = 1BE50BBC2BAD234D007ADB10 /* KTextField.swift */; };
		1BE50BBF2BB13D03007ADB10 /* ProfileModel.swift in Sources */ = {isa = PBXBuildFile; fileRef = 1BE50BBE2BB13D03007ADB10 /* ProfileModel.swift */; };
		1BE50BC22BB1411A007ADB10 /* Realm+Extensions.swift in Sources */ = {isa = PBXBuildFile; fileRef = 1BE50BC02BB1411A007ADB10 /* Realm+Extensions.swift */; };
		1BE50BC32BB1411A007ADB10 /* Realm.Object+Extensions.swift in Sources */ = {isa = PBXBuildFile; fileRef = 1BE50BC12BB1411A007ADB10 /* Realm.Object+Extensions.swift */; };
		1BE50BC52BB15623007ADB10 /* ProfileEditView.swift in Sources */ = {isa = PBXBuildFile; fileRef = 1BE50BC42BB15623007ADB10 /* ProfileEditView.swift */; };
		1BE50BC72BB1577E007ADB10 /* KTextEditor.swift in Sources */ = {isa = PBXBuildFile; fileRef = 1BE50BC62BB1577E007ADB10 /* KTextEditor.swift */; };
		1BE50BCA2BB2972C007ADB10 /* FirebaseFirestorageHelper.swift in Sources */ = {isa = PBXBuildFile; fileRef = 1BE50BC92BB2972C007ADB10 /* FirebaseFirestorageHelper.swift */; };
		1BE50BCC2BB2A7A1007ADB10 /* KPhotosPicker.swift in Sources */ = {isa = PBXBuildFile; fileRef = 1BE50BCB2BB2A7A1007ADB10 /* KPhotosPicker.swift */; };
		1BE50BCE2BB2A887007ADB10 /* ProfileImageView.swift in Sources */ = {isa = PBXBuildFile; fileRef = 1BE50BCD2BB2A887007ADB10 /* ProfileImageView.swift */; };
		1BE50BD02BB3B281007ADB10 /* View+Extensions.swift in Sources */ = {isa = PBXBuildFile; fileRef = 1BE50BCF2BB3B281007ADB10 /* View+Extensions.swift */; };
		1BE50BD22BB3B6C3007ADB10 /* FirestorageCacheModel.swift in Sources */ = {isa = PBXBuildFile; fileRef = 1BE50BD12BB3B6C3007ADB10 /* FirestorageCacheModel.swift */; };
/* End PBXBuildFile section */

/* Begin PBXFileReference section */
		1B47E86E2BA03FAD009BFF65 /* Info.plist */ = {isa = PBXFileReference; lastKnownFileType = text.plist; path = Info.plist; sourceTree = "<group>"; };
		1B47E86F2BA03FD9009BFF65 /* AuthManager.swift */ = {isa = PBXFileReference; fileEncoding = 4; lastKnownFileType = sourcecode.swift; path = AuthManager.swift; sourceTree = "<group>"; };
		1B47E8722BA040A8009BFF65 /* UIApplication+Extensions.swift */ = {isa = PBXFileReference; fileEncoding = 4; lastKnownFileType = sourcecode.swift; path = "UIApplication+Extensions.swift"; sourceTree = "<group>"; };
		1B47E87A2BA0421B009BFF65 /* AccountModel.swift */ = {isa = PBXFileReference; fileEncoding = 4; lastKnownFileType = sourcecode.swift; path = AccountModel.swift; sourceTree = "<group>"; };
		1B47E87C2BA04247009BFF65 /* CustomError.swift */ = {isa = PBXFileReference; fileEncoding = 4; lastKnownFileType = sourcecode.swift; path = CustomError.swift; sourceTree = "<group>"; };
		1B47E87E2BA0428F009BFF65 /* FirebaseFirestoreHelper.swift */ = {isa = PBXFileReference; fileEncoding = 4; lastKnownFileType = sourcecode.swift; path = FirebaseFirestoreHelper.swift; sourceTree = "<group>"; };
		1B47E8812BA04363009BFF65 /* FourFundamentalOperations.entitlements */ = {isa = PBXFileReference; lastKnownFileType = text.plist.entitlements; path = FourFundamentalOperations.entitlements; sourceTree = "<group>"; };
		1B47E8822BA19F4F009BFF65 /* Localizable.xcstrings */ = {isa = PBXFileReference; lastKnownFileType = text.json.xcstrings; path = Localizable.xcstrings; sourceTree = "<group>"; };
		1B47E8892BA429B5009BFF65 /* RoundedBorderImageLabelView.swift */ = {isa = PBXFileReference; lastKnownFileType = sourcecode.swift; path = RoundedBorderImageLabelView.swift; sourceTree = "<group>"; };
		1B47E88B2BA42F4C009BFF65 /* DeleteAccountConfirmView.swift */ = {isa = PBXFileReference; lastKnownFileType = sourcecode.swift; path = DeleteAccountConfirmView.swift; sourceTree = "<group>"; };
		1B47E88D2BA42FF5009BFF65 /* ProfileView.swift */ = {isa = PBXFileReference; lastKnownFileType = sourcecode.swift; path = ProfileView.swift; sourceTree = "<group>"; };
		1B47E8922BA433AA009BFF65 /* URLCache+Extensions.swift */ = {isa = PBXFileReference; lastKnownFileType = sourcecode.swift; path = "URLCache+Extensions.swift"; sourceTree = "<group>"; };
		1B86AC882B9835660081D600 /* FourFundamentalOperations.app */ = {isa = PBXFileReference; explicitFileType = wrapper.application; includeInIndex = 0; path = FourFundamentalOperations.app; sourceTree = BUILT_PRODUCTS_DIR; };
		1B86AC8B2B9835660081D600 /* FourFundamentalOperationsApp.swift */ = {isa = PBXFileReference; lastKnownFileType = sourcecode.swift; path = FourFundamentalOperationsApp.swift; sourceTree = "<group>"; };
		1B86AC8D2B9835660081D600 /* ContentView.swift */ = {isa = PBXFileReference; lastKnownFileType = sourcecode.swift; path = ContentView.swift; sourceTree = "<group>"; };
		1B86AC8F2B9835670081D600 /* Assets.xcassets */ = {isa = PBXFileReference; lastKnownFileType = folder.assetcatalog; path = Assets.xcassets; sourceTree = "<group>"; };
		1B86AC922B9835670081D600 /* Preview Assets.xcassets */ = {isa = PBXFileReference; lastKnownFileType = folder.assetcatalog; path = "Preview Assets.xcassets"; sourceTree = "<group>"; };
		1B86AC992B98397E0081D600 /* GoogleService-Info.plist */ = {isa = PBXFileReference; fileEncoding = 4; lastKnownFileType = text.plist.xml; path = "GoogleService-Info.plist"; sourceTree = "<group>"; };
		1B86ACD32B983DE30081D600 /* AccountMenuView.swift */ = {isa = PBXFileReference; lastKnownFileType = sourcecode.swift; path = AccountMenuView.swift; sourceTree = "<group>"; };
		1B86ACD52B983E390081D600 /* ButtonView.swift */ = {isa = PBXFileReference; lastKnownFileType = sourcecode.swift; path = ButtonView.swift; sourceTree = "<group>"; };
		1BE50BBC2BAD234D007ADB10 /* KTextField.swift */ = {isa = PBXFileReference; lastKnownFileType = sourcecode.swift; path = KTextField.swift; sourceTree = "<group>"; };
		1BE50BBE2BB13D03007ADB10 /* ProfileModel.swift */ = {isa = PBXFileReference; lastKnownFileType = sourcecode.swift; path = ProfileModel.swift; sourceTree = "<group>"; };
		1BE50BC02BB1411A007ADB10 /* Realm+Extensions.swift */ = {isa = PBXFileReference; fileEncoding = 4; lastKnownFileType = sourcecode.swift; path = "Realm+Extensions.swift"; sourceTree = "<group>"; };
		1BE50BC12BB1411A007ADB10 /* Realm.Object+Extensions.swift */ = {isa = PBXFileReference; fileEncoding = 4; lastKnownFileType = sourcecode.swift; path = "Realm.Object+Extensions.swift"; sourceTree = "<group>"; };
		1BE50BC42BB15623007ADB10 /* ProfileEditView.swift */ = {isa = PBXFileReference; lastKnownFileType = sourcecode.swift; path = ProfileEditView.swift; sourceTree = "<group>"; };
		1BE50BC62BB1577E007ADB10 /* KTextEditor.swift */ = {isa = PBXFileReference; lastKnownFileType = sourcecode.swift; path = KTextEditor.swift; sourceTree = "<group>"; };
		1BE50BC92BB2972C007ADB10 /* FirebaseFirestorageHelper.swift */ = {isa = PBXFileReference; lastKnownFileType = sourcecode.swift; path = FirebaseFirestorageHelper.swift; sourceTree = "<group>"; };
		1BE50BCB2BB2A7A1007ADB10 /* KPhotosPicker.swift */ = {isa = PBXFileReference; fileEncoding = 4; lastKnownFileType = sourcecode.swift; path = KPhotosPicker.swift; sourceTree = "<group>"; };
		1BE50BCD2BB2A887007ADB10 /* ProfileImageView.swift */ = {isa = PBXFileReference; lastKnownFileType = sourcecode.swift; path = ProfileImageView.swift; sourceTree = "<group>"; };
		1BE50BCF2BB3B281007ADB10 /* View+Extensions.swift */ = {isa = PBXFileReference; lastKnownFileType = sourcecode.swift; path = "View+Extensions.swift"; sourceTree = "<group>"; };
		1BE50BD12BB3B6C3007ADB10 /* FirestorageCacheModel.swift */ = {isa = PBXFileReference; lastKnownFileType = sourcecode.swift; path = FirestorageCacheModel.swift; sourceTree = "<group>"; };
/* End PBXFileReference section */

/* Begin PBXFrameworksBuildPhase section */
		1B86AC852B9835660081D600 /* Frameworks */ = {
			isa = PBXFrameworksBuildPhase;
			buildActionMask = 2147483647;
			files = (
				1B86ACAF2B9839DD0081D600 /* FirebaseDatabase in Frameworks */,
				1B86ACBD2B9839DD0081D600 /* FirebaseFunctionsCombine-Community in Frameworks */,
				1B86ACB52B9839DD0081D600 /* FirebaseFirestore in Frameworks */,
				1B86ACA12B9839DD0081D600 /* FirebaseAnalyticsSwift in Frameworks */,
				1B86AC9D2B9839DD0081D600 /* FirebaseAnalytics in Frameworks */,
				1B86AC9F2B9839DD0081D600 /* FirebaseAnalyticsOnDeviceConversion in Frameworks */,
				1B86ACC52B9839DD0081D600 /* FirebaseMLModelDownloader in Frameworks */,
				1BDE525C2BA036E60048158E /* GoogleSignInSwift in Frameworks */,
				1B86ACB92B9839DD0081D600 /* FirebaseFirestoreSwift in Frameworks */,
				1B47E8912BA43124009BFF65 /* CachedAsyncImage in Frameworks */,
				1B86ACA52B9839DD0081D600 /* FirebaseAppCheck in Frameworks */,
				1B86ACA32B9839DD0081D600 /* FirebaseAnalyticsWithoutAdIdSupport in Frameworks */,
				1B86ACA92B9839DD0081D600 /* FirebaseAuth in Frameworks */,
				1B86ACAD2B9839DD0081D600 /* FirebaseCrashlytics in Frameworks */,
				1B86ACCD2B9839DD0081D600 /* FirebaseRemoteConfigSwift in Frameworks */,
				1BDE525A2BA036E60048158E /* GoogleSignIn in Frameworks */,
				1B86ACBF2B9839DD0081D600 /* FirebaseInAppMessaging-Beta in Frameworks */,
				1B86ACB12B9839DD0081D600 /* FirebaseDatabaseSwift in Frameworks */,
				1B86ACBB2B9839DD0081D600 /* FirebaseFunctions in Frameworks */,
				1B86ACD12B9839DD0081D600 /* FirebaseStorageCombine-Community in Frameworks */,
				1B86ACCB2B9839DD0081D600 /* FirebaseRemoteConfig in Frameworks */,
				1B86ACA72B9839DD0081D600 /* FirebaseAppDistribution-Beta in Frameworks */,
				1B86ACAB2B9839DD0081D600 /* FirebaseAuthCombine-Community in Frameworks */,
				1B86ACC92B9839DD0081D600 /* FirebasePerformance in Frameworks */,
				1B86ACC12B9839DD0081D600 /* FirebaseInAppMessagingSwift-Beta in Frameworks */,
				1B47E8862BA41B92009BFF65 /* Realm in Frameworks */,
				1B86ACCF2B9839DD0081D600 /* FirebaseStorage in Frameworks */,
				1B86ACB32B9839DD0081D600 /* FirebaseDynamicLinks in Frameworks */,
				1B86ACB72B9839DD0081D600 /* FirebaseFirestoreCombine-Community in Frameworks */,
				1B86ACC72B9839DD0081D600 /* FirebaseMessaging in Frameworks */,
				1B47E8882BA41B92009BFF65 /* RealmSwift in Frameworks */,
				1B86ACC32B9839DD0081D600 /* FirebaseInstallations in Frameworks */,
			);
			runOnlyForDeploymentPostprocessing = 0;
		};
/* End PBXFrameworksBuildPhase section */

/* Begin PBXGroup section */
		1B47E8712BA04084009BFF65 /* Extensions */ = {
			isa = PBXGroup;
			children = (
				1BE50BC12BB1411A007ADB10 /* Realm.Object+Extensions.swift */,
				1BE50BC02BB1411A007ADB10 /* Realm+Extensions.swift */,
				1B47E8722BA040A8009BFF65 /* UIApplication+Extensions.swift */,
				1B47E8922BA433AA009BFF65 /* URLCache+Extensions.swift */,
				1BE50BCF2BB3B281007ADB10 /* View+Extensions.swift */,
			);
			path = Extensions;
			sourceTree = "<group>";
		};
		1B47E8792BA0420C009BFF65 /* Model */ = {
			isa = PBXGroup;
			children = (
				1B47E87A2BA0421B009BFF65 /* AccountModel.swift */,
				1BE50BBE2BB13D03007ADB10 /* ProfileModel.swift */,
				1BE50BD12BB3B6C3007ADB10 /* FirestorageCacheModel.swift */,
			);
			path = Model;
			sourceTree = "<group>";
		};
		1B47E87F2BA0428F009BFF65 /* Firebase */ = {
			isa = PBXGroup;
			children = (
				1B47E87E2BA0428F009BFF65 /* FirebaseFirestoreHelper.swift */,
				1BE50BC92BB2972C007ADB10 /* FirebaseFirestorageHelper.swift */,
			);
			path = Firebase;
			sourceTree = "<group>";
		};
		1B86AC7F2B9835660081D600 = {
			isa = PBXGroup;
			children = (
				1B47E8822BA19F4F009BFF65 /* Localizable.xcstrings */,
				1B86AC8A2B9835660081D600 /* FourFundamentalOperations */,
				1B86AC892B9835660081D600 /* Products */,
			);
			sourceTree = "<group>";
		};
		1B86AC892B9835660081D600 /* Products */ = {
			isa = PBXGroup;
			children = (
				1B86AC882B9835660081D600 /* FourFundamentalOperations.app */,
			);
			name = Products;
			sourceTree = "<group>";
		};
		1B86AC8A2B9835660081D600 /* FourFundamentalOperations */ = {
			isa = PBXGroup;
			children = (
				1BE50BC82BB17059007ADB10 /* ViewModel */,
				1B47E8812BA04363009BFF65 /* FourFundamentalOperations.entitlements */,
				1B47E87F2BA0428F009BFF65 /* Firebase */,
				1B47E8792BA0420C009BFF65 /* Model */,
				1B47E86F2BA03FD9009BFF65 /* AuthManager.swift */,
				1B47E87C2BA04247009BFF65 /* CustomError.swift */,
				1B47E86E2BA03FAD009BFF65 /* Info.plist */,
				1B86AC992B98397E0081D600 /* GoogleService-Info.plist */,
				1B86AC8B2B9835660081D600 /* FourFundamentalOperationsApp.swift */,
				1B47E8712BA04084009BFF65 /* Extensions */,
				1B86ACD22B983DCD0081D600 /* View */,
				1B86AC8F2B9835670081D600 /* Assets.xcassets */,
				1B86AC912B9835670081D600 /* Preview Content */,
			);
			path = FourFundamentalOperations;
			sourceTree = "<group>";
		};
		1B86AC912B9835670081D600 /* Preview Content */ = {
			isa = PBXGroup;
			children = (
				1B86AC922B9835670081D600 /* Preview Assets.xcassets */,
			);
			path = "Preview Content";
			sourceTree = "<group>";
		};
		1B86ACD22B983DCD0081D600 /* View */ = {
			isa = PBXGroup;
			children = (
				1BE50BCB2BB2A7A1007ADB10 /* KPhotosPicker.swift */,
				1B86AC8D2B9835660081D600 /* ContentView.swift */,
				1B86ACD32B983DE30081D600 /* AccountMenuView.swift */,
				1B47E88B2BA42F4C009BFF65 /* DeleteAccountConfirmView.swift */,
				1B86ACD52B983E390081D600 /* ButtonView.swift */,
				1B47E8892BA429B5009BFF65 /* RoundedBorderImageLabelView.swift */,
				1B47E88D2BA42FF5009BFF65 /* ProfileView.swift */,
				1BE50BC42BB15623007ADB10 /* ProfileEditView.swift */,
				1BE50BBC2BAD234D007ADB10 /* KTextField.swift */,
				1BE50BC62BB1577E007ADB10 /* KTextEditor.swift */,
				1BE50BCD2BB2A887007ADB10 /* ProfileImageView.swift */,
			);
			path = View;
			sourceTree = "<group>";
		};
		1BE50BC82BB17059007ADB10 /* ViewModel */ = {
			isa = PBXGroup;
			children = (
			);
			path = ViewModel;
			sourceTree = "<group>";
		};
/* End PBXGroup section */

/* Begin PBXNativeTarget section */
		1B86AC872B9835660081D600 /* FourFundamentalOperations */ = {
			isa = PBXNativeTarget;
			buildConfigurationList = 1B86AC962B9835670081D600 /* Build configuration list for PBXNativeTarget "FourFundamentalOperations" */;
			buildPhases = (
				1B86AC842B9835660081D600 /* Sources */,
				1B86AC852B9835660081D600 /* Frameworks */,
				1B86AC862B9835660081D600 /* Resources */,
				1BDE525D2BA03D1A0048158E /* ShellScript */,
			);
			buildRules = (
			);
			dependencies = (
			);
			name = FourFundamentalOperations;
			packageProductDependencies = (
				1B86AC9C2B9839DD0081D600 /* FirebaseAnalytics */,
				1B86AC9E2B9839DD0081D600 /* FirebaseAnalyticsOnDeviceConversion */,
				1B86ACA02B9839DD0081D600 /* FirebaseAnalyticsSwift */,
				1B86ACA22B9839DD0081D600 /* FirebaseAnalyticsWithoutAdIdSupport */,
				1B86ACA42B9839DD0081D600 /* FirebaseAppCheck */,
				1B86ACA62B9839DD0081D600 /* FirebaseAppDistribution-Beta */,
				1B86ACA82B9839DD0081D600 /* FirebaseAuth */,
				1B86ACAA2B9839DD0081D600 /* FirebaseAuthCombine-Community */,
				1B86ACAC2B9839DD0081D600 /* FirebaseCrashlytics */,
				1B86ACAE2B9839DD0081D600 /* FirebaseDatabase */,
				1B86ACB02B9839DD0081D600 /* FirebaseDatabaseSwift */,
				1B86ACB22B9839DD0081D600 /* FirebaseDynamicLinks */,
				1B86ACB42B9839DD0081D600 /* FirebaseFirestore */,
				1B86ACB62B9839DD0081D600 /* FirebaseFirestoreCombine-Community */,
				1B86ACB82B9839DD0081D600 /* FirebaseFirestoreSwift */,
				1B86ACBA2B9839DD0081D600 /* FirebaseFunctions */,
				1B86ACBC2B9839DD0081D600 /* FirebaseFunctionsCombine-Community */,
				1B86ACBE2B9839DD0081D600 /* FirebaseInAppMessaging-Beta */,
				1B86ACC02B9839DD0081D600 /* FirebaseInAppMessagingSwift-Beta */,
				1B86ACC22B9839DD0081D600 /* FirebaseInstallations */,
				1B86ACC42B9839DD0081D600 /* FirebaseMLModelDownloader */,
				1B86ACC62B9839DD0081D600 /* FirebaseMessaging */,
				1B86ACC82B9839DD0081D600 /* FirebasePerformance */,
				1B86ACCA2B9839DD0081D600 /* FirebaseRemoteConfig */,
				1B86ACCC2B9839DD0081D600 /* FirebaseRemoteConfigSwift */,
				1B86ACCE2B9839DD0081D600 /* FirebaseStorage */,
				1B86ACD02B9839DD0081D600 /* FirebaseStorageCombine-Community */,
				1BDE52592BA036E60048158E /* GoogleSignIn */,
				1BDE525B2BA036E60048158E /* GoogleSignInSwift */,
				1B47E8852BA41B92009BFF65 /* Realm */,
				1B47E8872BA41B92009BFF65 /* RealmSwift */,
				1B47E8902BA43124009BFF65 /* CachedAsyncImage */,
			);
			productName = FourFundamentalOperations;
			productReference = 1B86AC882B9835660081D600 /* FourFundamentalOperations.app */;
			productType = "com.apple.product-type.application";
		};
/* End PBXNativeTarget section */

/* Begin PBXProject section */
		1B86AC802B9835660081D600 /* Project object */ = {
			isa = PBXProject;
			attributes = {
				BuildIndependentTargetsInParallel = 1;
				LastSwiftUpdateCheck = 1520;
				LastUpgradeCheck = 1520;
				TargetAttributes = {
					1B86AC872B9835660081D600 = {
						CreatedOnToolsVersion = 15.2;
					};
				};
			};
			buildConfigurationList = 1B86AC832B9835660081D600 /* Build configuration list for PBXProject "FourFundamentalOperations" */;
			compatibilityVersion = "Xcode 14.0";
			developmentRegion = en;
			hasScannedForEncodings = 0;
			knownRegions = (
				en,
				Base,
				ko,
			);
			mainGroup = 1B86AC7F2B9835660081D600;
			packageReferences = (
				1B86AC9B2B9839DD0081D600 /* XCRemoteSwiftPackageReference "firebase-ios-sdk" */,
				1BDE52582BA036E60048158E /* XCRemoteSwiftPackageReference "GoogleSignIn-ios" */,
				1B47E8842BA41B92009BFF65 /* XCRemoteSwiftPackageReference "realm-swift" */,
				1B47E88F2BA43124009BFF65 /* XCRemoteSwiftPackageReference "swiftui-cached-async-image" */,
			);
			productRefGroup = 1B86AC892B9835660081D600 /* Products */;
			projectDirPath = "";
			projectRoot = "";
			targets = (
				1B86AC872B9835660081D600 /* FourFundamentalOperations */,
			);
		};
/* End PBXProject section */

/* Begin PBXResourcesBuildPhase section */
		1B86AC862B9835660081D600 /* Resources */ = {
			isa = PBXResourcesBuildPhase;
			buildActionMask = 2147483647;
			files = (
				1B86AC932B9835670081D600 /* Preview Assets.xcassets in Resources */,
				1B86AC902B9835670081D600 /* Assets.xcassets in Resources */,
				1B47E8832BA19F4F009BFF65 /* Localizable.xcstrings in Resources */,
				1B86AC9A2B98397E0081D600 /* GoogleService-Info.plist in Resources */,
			);
			runOnlyForDeploymentPostprocessing = 0;
		};
/* End PBXResourcesBuildPhase section */

/* Begin PBXShellScriptBuildPhase section */
		1BDE525D2BA03D1A0048158E /* ShellScript */ = {
			isa = PBXShellScriptBuildPhase;
			buildActionMask = 2147483647;
			files = (
			);
			inputFileListPaths = (
			);
			inputPaths = (
				"${DWARF_DSYM_FOLDER_PATH}/${DWARF_DSYM_FILE_NAME}",
				"${DWARF_DSYM_FOLDER_PATH}/${DWARF_DSYM_FILE_NAME}/Contents/Resources/DWARF/${PRODUCT_NAME}",
				"${DWARF_DSYM_FOLDER_PATH}/${DWARF_DSYM_FILE_NAME}/Contents/Info.plist",
				"$(TARGET_BUILD_DIR)/$(UNLOCALIZED_RESOURCES_FOLDER_PATH)/GoogleService-Info.plist",
				"$(TARGET_BUILD_DIR)/$(EXECUTABLE_PATH)",
			);
			outputFileListPaths = (
			);
			outputPaths = (
			);
			runOnlyForDeploymentPostprocessing = 0;
			shellPath = /bin/sh;
			shellScript = "# Type a script or drag a script file from your workspace to insert its path.\n\"${BUILD_DIR%/Build/*}/SourcePackages/checkouts/firebase-ios-sdk/Crashlytics/run\"\n";
		};
/* End PBXShellScriptBuildPhase section */

/* Begin PBXSourcesBuildPhase section */
		1B86AC842B9835660081D600 /* Sources */ = {
			isa = PBXSourcesBuildPhase;
			buildActionMask = 2147483647;
			files = (
				1B86AC8E2B9835660081D600 /* ContentView.swift in Sources */,
				1B47E8802BA0428F009BFF65 /* FirebaseFirestoreHelper.swift in Sources */,
				1B47E88C2BA42F4C009BFF65 /* DeleteAccountConfirmView.swift in Sources */,
				1B47E87D2BA04247009BFF65 /* CustomError.swift in Sources */,
				1B47E88E2BA42FF5009BFF65 /* ProfileView.swift in Sources */,
				1B47E8932BA433AA009BFF65 /* URLCache+Extensions.swift in Sources */,
				1BE50BD22BB3B6C3007ADB10 /* FirestorageCacheModel.swift in Sources */,
				1B86ACD42B983DE30081D600 /* AccountMenuView.swift in Sources */,
				1B47E87B2BA0421B009BFF65 /* AccountModel.swift in Sources */,
				1BE50BD02BB3B281007ADB10 /* View+Extensions.swift in Sources */,
				1B47E88A2BA429B5009BFF65 /* RoundedBorderImageLabelView.swift in Sources */,
				1B47E8732BA040A8009BFF65 /* UIApplication+Extensions.swift in Sources */,
				1BE50BC52BB15623007ADB10 /* ProfileEditView.swift in Sources */,
				1BE50BBF2BB13D03007ADB10 /* ProfileModel.swift in Sources */,
				1B86ACD62B983E390081D600 /* ButtonView.swift in Sources */,
				1B86AC8C2B9835660081D600 /* FourFundamentalOperationsApp.swift in Sources */,
				1BE50BCC2BB2A7A1007ADB10 /* KPhotosPicker.swift in Sources */,
				1BE50BC22BB1411A007ADB10 /* Realm+Extensions.swift in Sources */,
				1BE50BCE2BB2A887007ADB10 /* ProfileImageView.swift in Sources */,
				1B47E8702BA03FD9009BFF65 /* AuthManager.swift in Sources */,
				1BE50BC32BB1411A007ADB10 /* Realm.Object+Extensions.swift in Sources */,
				1BE50BC72BB1577E007ADB10 /* KTextEditor.swift in Sources */,
				1BE50BCA2BB2972C007ADB10 /* FirebaseFirestorageHelper.swift in Sources */,
				1BE50BBD2BAD234D007ADB10 /* KTextField.swift in Sources */,
			);
			runOnlyForDeploymentPostprocessing = 0;
		};
/* End PBXSourcesBuildPhase section */

/* Begin XCBuildConfiguration section */
		1B86AC942B9835670081D600 /* Debug */ = {
			isa = XCBuildConfiguration;
			buildSettings = {
				ALWAYS_SEARCH_USER_PATHS = NO;
				ASSETCATALOG_COMPILER_GENERATE_SWIFT_ASSET_SYMBOL_EXTENSIONS = YES;
				CLANG_ANALYZER_NONNULL = YES;
				CLANG_ANALYZER_NUMBER_OBJECT_CONVERSION = YES_AGGRESSIVE;
				CLANG_CXX_LANGUAGE_STANDARD = "gnu++20";
				CLANG_ENABLE_MODULES = YES;
				CLANG_ENABLE_OBJC_ARC = YES;
				CLANG_ENABLE_OBJC_WEAK = YES;
				CLANG_WARN_BLOCK_CAPTURE_AUTORELEASING = YES;
				CLANG_WARN_BOOL_CONVERSION = YES;
				CLANG_WARN_COMMA = YES;
				CLANG_WARN_CONSTANT_CONVERSION = YES;
				CLANG_WARN_DEPRECATED_OBJC_IMPLEMENTATIONS = YES;
				CLANG_WARN_DIRECT_OBJC_ISA_USAGE = YES_ERROR;
				CLANG_WARN_DOCUMENTATION_COMMENTS = YES;
				CLANG_WARN_EMPTY_BODY = YES;
				CLANG_WARN_ENUM_CONVERSION = YES;
				CLANG_WARN_INFINITE_RECURSION = YES;
				CLANG_WARN_INT_CONVERSION = YES;
				CLANG_WARN_NON_LITERAL_NULL_CONVERSION = YES;
				CLANG_WARN_OBJC_IMPLICIT_RETAIN_SELF = YES;
				CLANG_WARN_OBJC_LITERAL_CONVERSION = YES;
				CLANG_WARN_OBJC_ROOT_CLASS = YES_ERROR;
				CLANG_WARN_QUOTED_INCLUDE_IN_FRAMEWORK_HEADER = YES;
				CLANG_WARN_RANGE_LOOP_ANALYSIS = YES;
				CLANG_WARN_STRICT_PROTOTYPES = YES;
				CLANG_WARN_SUSPICIOUS_MOVE = YES;
				CLANG_WARN_UNGUARDED_AVAILABILITY = YES_AGGRESSIVE;
				CLANG_WARN_UNREACHABLE_CODE = YES;
				CLANG_WARN__DUPLICATE_METHOD_MATCH = YES;
				COPY_PHASE_STRIP = NO;
				DEBUG_INFORMATION_FORMAT = dwarf;
				DRIVERKIT_DEPLOYMENT_TARGET = 23.4;
				ENABLE_STRICT_OBJC_MSGSEND = YES;
				ENABLE_TESTABILITY = YES;
				ENABLE_USER_SCRIPT_SANDBOXING = YES;
				GCC_C_LANGUAGE_STANDARD = gnu17;
				GCC_DYNAMIC_NO_PIC = NO;
				GCC_NO_COMMON_BLOCKS = YES;
				GCC_OPTIMIZATION_LEVEL = 0;
				GCC_PREPROCESSOR_DEFINITIONS = (
					"DEBUG=1",
					"$(inherited)",
				);
				GCC_WARN_64_TO_32_BIT_CONVERSION = YES;
				GCC_WARN_ABOUT_RETURN_TYPE = YES_ERROR;
				GCC_WARN_UNDECLARED_SELECTOR = YES;
				GCC_WARN_UNINITIALIZED_AUTOS = YES_AGGRESSIVE;
				GCC_WARN_UNUSED_FUNCTION = YES;
				GCC_WARN_UNUSED_VARIABLE = YES;
				IPHONEOS_DEPLOYMENT_TARGET = 16.0;
				LOCALIZATION_PREFERS_STRING_CATALOGS = YES;
				MACOSX_DEPLOYMENT_TARGET = "$(RECOMMENDED_MACOSX_DEPLOYMENT_TARGET)";
				MTL_ENABLE_DEBUG_INFO = INCLUDE_SOURCE;
				MTL_FAST_MATH = YES;
				ONLY_ACTIVE_ARCH = YES;
				SDKROOT = iphoneos;
				SWIFT_ACTIVE_COMPILATION_CONDITIONS = "DEBUG $(inherited)";
				SWIFT_OPTIMIZATION_LEVEL = "-Onone";
				TVOS_DEPLOYMENT_TARGET = 17.0;
				WATCHOS_DEPLOYMENT_TARGET = 10.0;
				XROS_DEPLOYMENT_TARGET = 1.0;
			};
			name = Debug;
		};
		1B86AC952B9835670081D600 /* Release */ = {
			isa = XCBuildConfiguration;
			buildSettings = {
				ALWAYS_SEARCH_USER_PATHS = NO;
				ASSETCATALOG_COMPILER_GENERATE_SWIFT_ASSET_SYMBOL_EXTENSIONS = YES;
				CLANG_ANALYZER_NONNULL = YES;
				CLANG_ANALYZER_NUMBER_OBJECT_CONVERSION = YES_AGGRESSIVE;
				CLANG_CXX_LANGUAGE_STANDARD = "gnu++20";
				CLANG_ENABLE_MODULES = YES;
				CLANG_ENABLE_OBJC_ARC = YES;
				CLANG_ENABLE_OBJC_WEAK = YES;
				CLANG_WARN_BLOCK_CAPTURE_AUTORELEASING = YES;
				CLANG_WARN_BOOL_CONVERSION = YES;
				CLANG_WARN_COMMA = YES;
				CLANG_WARN_CONSTANT_CONVERSION = YES;
				CLANG_WARN_DEPRECATED_OBJC_IMPLEMENTATIONS = YES;
				CLANG_WARN_DIRECT_OBJC_ISA_USAGE = YES_ERROR;
				CLANG_WARN_DOCUMENTATION_COMMENTS = YES;
				CLANG_WARN_EMPTY_BODY = YES;
				CLANG_WARN_ENUM_CONVERSION = YES;
				CLANG_WARN_INFINITE_RECURSION = YES;
				CLANG_WARN_INT_CONVERSION = YES;
				CLANG_WARN_NON_LITERAL_NULL_CONVERSION = YES;
				CLANG_WARN_OBJC_IMPLICIT_RETAIN_SELF = YES;
				CLANG_WARN_OBJC_LITERAL_CONVERSION = YES;
				CLANG_WARN_OBJC_ROOT_CLASS = YES_ERROR;
				CLANG_WARN_QUOTED_INCLUDE_IN_FRAMEWORK_HEADER = YES;
				CLANG_WARN_RANGE_LOOP_ANALYSIS = YES;
				CLANG_WARN_STRICT_PROTOTYPES = YES;
				CLANG_WARN_SUSPICIOUS_MOVE = YES;
				CLANG_WARN_UNGUARDED_AVAILABILITY = YES_AGGRESSIVE;
				CLANG_WARN_UNREACHABLE_CODE = YES;
				CLANG_WARN__DUPLICATE_METHOD_MATCH = YES;
				COPY_PHASE_STRIP = NO;
				DEBUG_INFORMATION_FORMAT = "dwarf-with-dsym";
				DRIVERKIT_DEPLOYMENT_TARGET = 23.4;
				ENABLE_NS_ASSERTIONS = NO;
				ENABLE_STRICT_OBJC_MSGSEND = YES;
				ENABLE_USER_SCRIPT_SANDBOXING = YES;
				GCC_C_LANGUAGE_STANDARD = gnu17;
				GCC_NO_COMMON_BLOCKS = YES;
				GCC_WARN_64_TO_32_BIT_CONVERSION = YES;
				GCC_WARN_ABOUT_RETURN_TYPE = YES_ERROR;
				GCC_WARN_UNDECLARED_SELECTOR = YES;
				GCC_WARN_UNINITIALIZED_AUTOS = YES_AGGRESSIVE;
				GCC_WARN_UNUSED_FUNCTION = YES;
				GCC_WARN_UNUSED_VARIABLE = YES;
				IPHONEOS_DEPLOYMENT_TARGET = 16.0;
				LOCALIZATION_PREFERS_STRING_CATALOGS = YES;
				MACOSX_DEPLOYMENT_TARGET = "$(RECOMMENDED_MACOSX_DEPLOYMENT_TARGET)";
				MTL_ENABLE_DEBUG_INFO = NO;
				MTL_FAST_MATH = YES;
				SDKROOT = iphoneos;
				SWIFT_COMPILATION_MODE = wholemodule;
				TVOS_DEPLOYMENT_TARGET = 17.0;
				VALIDATE_PRODUCT = YES;
				WATCHOS_DEPLOYMENT_TARGET = 10.0;
				XROS_DEPLOYMENT_TARGET = 1.0;
			};
			name = Release;
		};
		1B86AC972B9835670081D600 /* Debug */ = {
			isa = XCBuildConfiguration;
			buildSettings = {
				ASSETCATALOG_COMPILER_APPICON_NAME = AppIcon;
				ASSETCATALOG_COMPILER_GLOBAL_ACCENT_COLOR_NAME = AccentColor;
				CODE_SIGN_ENTITLEMENTS = FourFundamentalOperations/FourFundamentalOperations.entitlements;
				CODE_SIGN_STYLE = Automatic;
				CURRENT_PROJECT_VERSION = 1;
				DEBUG_INFORMATION_FORMAT = "dwarf-with-dsym";
				DEVELOPMENT_ASSET_PATHS = "\"FourFundamentalOperations/Preview Content\"";
				DEVELOPMENT_TEAM = QU9EPTU238;
				ENABLE_PREVIEWS = YES;
				GENERATE_INFOPLIST_FILE = YES;
				INFOPLIST_FILE = FourFundamentalOperations/Info.plist;
				INFOPLIST_KEY_UIApplicationSceneManifest_Generation = YES;
				INFOPLIST_KEY_UIApplicationSupportsIndirectInputEvents = YES;
				INFOPLIST_KEY_UILaunchScreen_Generation = YES;
				INFOPLIST_KEY_UISupportedInterfaceOrientations_iPad = "UIInterfaceOrientationPortrait UIInterfaceOrientationPortraitUpsideDown UIInterfaceOrientationLandscapeLeft UIInterfaceOrientationLandscapeRight";
				INFOPLIST_KEY_UISupportedInterfaceOrientations_iPhone = "UIInterfaceOrientationPortrait UIInterfaceOrientationLandscapeLeft UIInterfaceOrientationLandscapeRight";
				LD_RUNPATH_SEARCH_PATHS = (
					"$(inherited)",
					"@executable_path/Frameworks",
				);
				MARKETING_VERSION = 1.0.0;
				PRODUCT_BUNDLE_IDENTIFIER = net.kongbaguni.FourFundamentalOperations;
				PRODUCT_NAME = "$(TARGET_NAME)";
				SWIFT_EMIT_LOC_STRINGS = YES;
				SWIFT_VERSION = 5.0;
				TARGETED_DEVICE_FAMILY = "1,2";
			};
			name = Debug;
		};
		1B86AC982B9835670081D600 /* Release */ = {
			isa = XCBuildConfiguration;
			buildSettings = {
				ASSETCATALOG_COMPILER_APPICON_NAME = AppIcon;
				ASSETCATALOG_COMPILER_GLOBAL_ACCENT_COLOR_NAME = AccentColor;
				CODE_SIGN_ENTITLEMENTS = FourFundamentalOperations/FourFundamentalOperations.entitlements;
				CODE_SIGN_STYLE = Automatic;
				CURRENT_PROJECT_VERSION = 1;
				DEVELOPMENT_ASSET_PATHS = "\"FourFundamentalOperations/Preview Content\"";
				DEVELOPMENT_TEAM = QU9EPTU238;
				ENABLE_PREVIEWS = YES;
				GENERATE_INFOPLIST_FILE = YES;
				INFOPLIST_FILE = FourFundamentalOperations/Info.plist;
				INFOPLIST_KEY_UIApplicationSceneManifest_Generation = YES;
				INFOPLIST_KEY_UIApplicationSupportsIndirectInputEvents = YES;
				INFOPLIST_KEY_UILaunchScreen_Generation = YES;
				INFOPLIST_KEY_UISupportedInterfaceOrientations_iPad = "UIInterfaceOrientationPortrait UIInterfaceOrientationPortraitUpsideDown UIInterfaceOrientationLandscapeLeft UIInterfaceOrientationLandscapeRight";
				INFOPLIST_KEY_UISupportedInterfaceOrientations_iPhone = "UIInterfaceOrientationPortrait UIInterfaceOrientationLandscapeLeft UIInterfaceOrientationLandscapeRight";
				LD_RUNPATH_SEARCH_PATHS = (
					"$(inherited)",
					"@executable_path/Frameworks",
				);
				MARKETING_VERSION = 1.0.0;
				PRODUCT_BUNDLE_IDENTIFIER = net.kongbaguni.FourFundamentalOperations;
				PRODUCT_NAME = "$(TARGET_NAME)";
				SWIFT_EMIT_LOC_STRINGS = YES;
				SWIFT_VERSION = 5.0;
				TARGETED_DEVICE_FAMILY = "1,2";
			};
			name = Release;
		};
/* End XCBuildConfiguration section */

/* Begin XCConfigurationList section */
		1B86AC832B9835660081D600 /* Build configuration list for PBXProject "FourFundamentalOperations" */ = {
			isa = XCConfigurationList;
			buildConfigurations = (
				1B86AC942B9835670081D600 /* Debug */,
				1B86AC952B9835670081D600 /* Release */,
			);
			defaultConfigurationIsVisible = 0;
			defaultConfigurationName = Release;
		};
		1B86AC962B9835670081D600 /* Build configuration list for PBXNativeTarget "FourFundamentalOperations" */ = {
			isa = XCConfigurationList;
			buildConfigurations = (
				1B86AC972B9835670081D600 /* Debug */,
				1B86AC982B9835670081D600 /* Release */,
			);
			defaultConfigurationIsVisible = 0;
			defaultConfigurationName = Release;
		};
/* End XCConfigurationList section */

/* Begin XCRemoteSwiftPackageReference section */
		1B47E8842BA41B92009BFF65 /* XCRemoteSwiftPackageReference "realm-swift" */ = {
			isa = XCRemoteSwiftPackageReference;
			repositoryURL = "https://github.com/realm/realm-swift.git";
			requirement = {
				kind = upToNextMajorVersion;
				minimumVersion = 10.48.0;
			};
		};
		1B47E88F2BA43124009BFF65 /* XCRemoteSwiftPackageReference "swiftui-cached-async-image" */ = {
			isa = XCRemoteSwiftPackageReference;
			repositoryURL = "https://github.com/lorenzofiamingo/swiftui-cached-async-image";
			requirement = {
				kind = upToNextMajorVersion;
				minimumVersion = 2.1.1;
			};
		};
		1B86AC9B2B9839DD0081D600 /* XCRemoteSwiftPackageReference "firebase-ios-sdk" */ = {
			isa = XCRemoteSwiftPackageReference;
			repositoryURL = "https://github.com/firebase/firebase-ios-sdk";
			requirement = {
				kind = upToNextMajorVersion;
				minimumVersion = 10.22.1;
			};
		};
		1BDE52582BA036E60048158E /* XCRemoteSwiftPackageReference "GoogleSignIn-ios" */ = {
			isa = XCRemoteSwiftPackageReference;
			repositoryURL = "https://github.com/google/GoogleSignIn-ios.git";
			requirement = {
				kind = upToNextMajorVersion;
				minimumVersion = 7.0.0;
			};
		};
/* End XCRemoteSwiftPackageReference section */

/* Begin XCSwiftPackageProductDependency section */
		1B47E8852BA41B92009BFF65 /* Realm */ = {
			isa = XCSwiftPackageProductDependency;
			package = 1B47E8842BA41B92009BFF65 /* XCRemoteSwiftPackageReference "realm-swift" */;
			productName = Realm;
		};
		1B47E8872BA41B92009BFF65 /* RealmSwift */ = {
			isa = XCSwiftPackageProductDependency;
			package = 1B47E8842BA41B92009BFF65 /* XCRemoteSwiftPackageReference "realm-swift" */;
			productName = RealmSwift;
		};
		1B47E8902BA43124009BFF65 /* CachedAsyncImage */ = {
			isa = XCSwiftPackageProductDependency;
			package = 1B47E88F2BA43124009BFF65 /* XCRemoteSwiftPackageReference "swiftui-cached-async-image" */;
			productName = CachedAsyncImage;
		};
		1B86AC9C2B9839DD0081D600 /* FirebaseAnalytics */ = {
			isa = XCSwiftPackageProductDependency;
			package = 1B86AC9B2B9839DD0081D600 /* XCRemoteSwiftPackageReference "firebase-ios-sdk" */;
			productName = FirebaseAnalytics;
		};
		1B86AC9E2B9839DD0081D600 /* FirebaseAnalyticsOnDeviceConversion */ = {
			isa = XCSwiftPackageProductDependency;
			package = 1B86AC9B2B9839DD0081D600 /* XCRemoteSwiftPackageReference "firebase-ios-sdk" */;
			productName = FirebaseAnalyticsOnDeviceConversion;
		};
		1B86ACA02B9839DD0081D600 /* FirebaseAnalyticsSwift */ = {
			isa = XCSwiftPackageProductDependency;
			package = 1B86AC9B2B9839DD0081D600 /* XCRemoteSwiftPackageReference "firebase-ios-sdk" */;
			productName = FirebaseAnalyticsSwift;
		};
		1B86ACA22B9839DD0081D600 /* FirebaseAnalyticsWithoutAdIdSupport */ = {
			isa = XCSwiftPackageProductDependency;
			package = 1B86AC9B2B9839DD0081D600 /* XCRemoteSwiftPackageReference "firebase-ios-sdk" */;
			productName = FirebaseAnalyticsWithoutAdIdSupport;
		};
		1B86ACA42B9839DD0081D600 /* FirebaseAppCheck */ = {
			isa = XCSwiftPackageProductDependency;
			package = 1B86AC9B2B9839DD0081D600 /* XCRemoteSwiftPackageReference "firebase-ios-sdk" */;
			productName = FirebaseAppCheck;
		};
		1B86ACA62B9839DD0081D600 /* FirebaseAppDistribution-Beta */ = {
			isa = XCSwiftPackageProductDependency;
			package = 1B86AC9B2B9839DD0081D600 /* XCRemoteSwiftPackageReference "firebase-ios-sdk" */;
			productName = "FirebaseAppDistribution-Beta";
		};
		1B86ACA82B9839DD0081D600 /* FirebaseAuth */ = {
			isa = XCSwiftPackageProductDependency;
			package = 1B86AC9B2B9839DD0081D600 /* XCRemoteSwiftPackageReference "firebase-ios-sdk" */;
			productName = FirebaseAuth;
		};
		1B86ACAA2B9839DD0081D600 /* FirebaseAuthCombine-Community */ = {
			isa = XCSwiftPackageProductDependency;
			package = 1B86AC9B2B9839DD0081D600 /* XCRemoteSwiftPackageReference "firebase-ios-sdk" */;
			productName = "FirebaseAuthCombine-Community";
		};
		1B86ACAC2B9839DD0081D600 /* FirebaseCrashlytics */ = {
			isa = XCSwiftPackageProductDependency;
			package = 1B86AC9B2B9839DD0081D600 /* XCRemoteSwiftPackageReference "firebase-ios-sdk" */;
			productName = FirebaseCrashlytics;
		};
		1B86ACAE2B9839DD0081D600 /* FirebaseDatabase */ = {
			isa = XCSwiftPackageProductDependency;
			package = 1B86AC9B2B9839DD0081D600 /* XCRemoteSwiftPackageReference "firebase-ios-sdk" */;
			productName = FirebaseDatabase;
		};
		1B86ACB02B9839DD0081D600 /* FirebaseDatabaseSwift */ = {
			isa = XCSwiftPackageProductDependency;
			package = 1B86AC9B2B9839DD0081D600 /* XCRemoteSwiftPackageReference "firebase-ios-sdk" */;
			productName = FirebaseDatabaseSwift;
		};
		1B86ACB22B9839DD0081D600 /* FirebaseDynamicLinks */ = {
			isa = XCSwiftPackageProductDependency;
			package = 1B86AC9B2B9839DD0081D600 /* XCRemoteSwiftPackageReference "firebase-ios-sdk" */;
			productName = FirebaseDynamicLinks;
		};
		1B86ACB42B9839DD0081D600 /* FirebaseFirestore */ = {
			isa = XCSwiftPackageProductDependency;
			package = 1B86AC9B2B9839DD0081D600 /* XCRemoteSwiftPackageReference "firebase-ios-sdk" */;
			productName = FirebaseFirestore;
		};
		1B86ACB62B9839DD0081D600 /* FirebaseFirestoreCombine-Community */ = {
			isa = XCSwiftPackageProductDependency;
			package = 1B86AC9B2B9839DD0081D600 /* XCRemoteSwiftPackageReference "firebase-ios-sdk" */;
			productName = "FirebaseFirestoreCombine-Community";
		};
		1B86ACB82B9839DD0081D600 /* FirebaseFirestoreSwift */ = {
			isa = XCSwiftPackageProductDependency;
			package = 1B86AC9B2B9839DD0081D600 /* XCRemoteSwiftPackageReference "firebase-ios-sdk" */;
			productName = FirebaseFirestoreSwift;
		};
		1B86ACBA2B9839DD0081D600 /* FirebaseFunctions */ = {
			isa = XCSwiftPackageProductDependency;
			package = 1B86AC9B2B9839DD0081D600 /* XCRemoteSwiftPackageReference "firebase-ios-sdk" */;
			productName = FirebaseFunctions;
		};
		1B86ACBC2B9839DD0081D600 /* FirebaseFunctionsCombine-Community */ = {
			isa = XCSwiftPackageProductDependency;
			package = 1B86AC9B2B9839DD0081D600 /* XCRemoteSwiftPackageReference "firebase-ios-sdk" */;
			productName = "FirebaseFunctionsCombine-Community";
		};
		1B86ACBE2B9839DD0081D600 /* FirebaseInAppMessaging-Beta */ = {
			isa = XCSwiftPackageProductDependency;
			package = 1B86AC9B2B9839DD0081D600 /* XCRemoteSwiftPackageReference "firebase-ios-sdk" */;
			productName = "FirebaseInAppMessaging-Beta";
		};
		1B86ACC02B9839DD0081D600 /* FirebaseInAppMessagingSwift-Beta */ = {
			isa = XCSwiftPackageProductDependency;
			package = 1B86AC9B2B9839DD0081D600 /* XCRemoteSwiftPackageReference "firebase-ios-sdk" */;
			productName = "FirebaseInAppMessagingSwift-Beta";
		};
		1B86ACC22B9839DD0081D600 /* FirebaseInstallations */ = {
			isa = XCSwiftPackageProductDependency;
			package = 1B86AC9B2B9839DD0081D600 /* XCRemoteSwiftPackageReference "firebase-ios-sdk" */;
			productName = FirebaseInstallations;
		};
		1B86ACC42B9839DD0081D600 /* FirebaseMLModelDownloader */ = {
			isa = XCSwiftPackageProductDependency;
			package = 1B86AC9B2B9839DD0081D600 /* XCRemoteSwiftPackageReference "firebase-ios-sdk" */;
			productName = FirebaseMLModelDownloader;
		};
		1B86ACC62B9839DD0081D600 /* FirebaseMessaging */ = {
			isa = XCSwiftPackageProductDependency;
			package = 1B86AC9B2B9839DD0081D600 /* XCRemoteSwiftPackageReference "firebase-ios-sdk" */;
			productName = FirebaseMessaging;
		};
		1B86ACC82B9839DD0081D600 /* FirebasePerformance */ = {
			isa = XCSwiftPackageProductDependency;
			package = 1B86AC9B2B9839DD0081D600 /* XCRemoteSwiftPackageReference "firebase-ios-sdk" */;
			productName = FirebasePerformance;
		};
		1B86ACCA2B9839DD0081D600 /* FirebaseRemoteConfig */ = {
			isa = XCSwiftPackageProductDependency;
			package = 1B86AC9B2B9839DD0081D600 /* XCRemoteSwiftPackageReference "firebase-ios-sdk" */;
			productName = FirebaseRemoteConfig;
		};
		1B86ACCC2B9839DD0081D600 /* FirebaseRemoteConfigSwift */ = {
			isa = XCSwiftPackageProductDependency;
			package = 1B86AC9B2B9839DD0081D600 /* XCRemoteSwiftPackageReference "firebase-ios-sdk" */;
			productName = FirebaseRemoteConfigSwift;
		};
		1B86ACCE2B9839DD0081D600 /* FirebaseStorage */ = {
			isa = XCSwiftPackageProductDependency;
			package = 1B86AC9B2B9839DD0081D600 /* XCRemoteSwiftPackageReference "firebase-ios-sdk" */;
			productName = FirebaseStorage;
		};
		1B86ACD02B9839DD0081D600 /* FirebaseStorageCombine-Community */ = {
			isa = XCSwiftPackageProductDependency;
			package = 1B86AC9B2B9839DD0081D600 /* XCRemoteSwiftPackageReference "firebase-ios-sdk" */;
			productName = "FirebaseStorageCombine-Community";
		};
		1BDE52592BA036E60048158E /* GoogleSignIn */ = {
			isa = XCSwiftPackageProductDependency;
			package = 1BDE52582BA036E60048158E /* XCRemoteSwiftPackageReference "GoogleSignIn-ios" */;
			productName = GoogleSignIn;
		};
		1BDE525B2BA036E60048158E /* GoogleSignInSwift */ = {
			isa = XCSwiftPackageProductDependency;
			package = 1BDE52582BA036E60048158E /* XCRemoteSwiftPackageReference "GoogleSignIn-ios" */;
			productName = GoogleSignInSwift;
		};
/* End XCSwiftPackageProductDependency section */
	};
	rootObject = 1B86AC802B9835660081D600 /* Project object */;
}
